
Microsoft Visual Studio Solution File, Format Version 12.00
# Visual Studio Version 17
VisualStudioVersion = 17.4.33213.308
MinimumVisualStudioVersion = 10.0.40219.1
Project("{FAE04EC0-301F-11D3-BF4B-00C04F79EFBC}") = "NetEye.Android", "NetEye\NetEye.Android\NetEye.Android.csproj", "{4F781829-9024-48FF-9CBA-79C1DE101609}"
EndProject
Project("{FAE04EC0-301F-11D3-BF4B-00C04F79EFBC}") = "NetEye.iOS", "NetEye\NetEye.iOS\NetEye.iOS.csproj", "{6E54CA65-E689-4BCC-9E53-FE95D1C6C833}"
EndProject
Project("{FAE04EC0-301F-11D3-BF4B-00C04F79EFBC}") = "NetEye", "NetEye\NetEye\NetEye.csproj", "{97271ABE-1256-4461-A35E-57B8035960AE}"
EndProject
Global
	GlobalSection(SolutionConfigurationPlatforms) = preSolution
		Debug|Any CPU = Debug|Any CPU
		Debug|iPhone = Debug|iPhone
		Debug|iPhoneSimulator = Debug|iPhoneSimulator
		Release|Any CPU = Release|Any CPU
		Release|iPhone = Release|iPhone
		Release|iPhoneSimulator = Release|iPhoneSimulator
	EndGlobalSection
	GlobalSection(ProjectConfigurationPlatforms) = postSolution
		{4F781829-9024-48FF-9CBA-79C1DE101609}.Debug|Any CPU.ActiveCfg = Debug|Any CPU
		{4F781829-9024-48FF-9CBA-79C1DE101609}.Debug|Any CPU.Build.0 = Debug|Any CPU
		{4F781829-9024-48FF-9CBA-79C1DE101609}.Debug|Any CPU.Deploy.0 = Debug|Any CPU
		{4F781829-9024-48FF-9CBA-79C1DE101609}.Debug|iPhone.ActiveCfg = Debug|Any CPU
		{4F781829-9024-48FF-9CBA-79C1DE101609}.Debug|iPhone.Build.0 = Debug|Any CPU
		{4F781829-9024-48FF-9CBA-79C1DE101609}.Debug|iPhone.Deploy.0 = Debug|Any CPU
		{4F781829-9024-48FF-9CBA-79C1DE101609}.Debug|iPhoneSimulator.ActiveCfg = Debug|Any CPU
		{4F781829-9024-48FF-9CBA-79C1DE101609}.Debug|iPhoneSimulator.Build.0 = Debug|Any CPU
		{4F781829-9024-48FF-9CBA-79C1DE101609}.Debug|iPhoneSimulator.Deploy.0 = Debug|Any CPU
		{4F781829-9024-48FF-9CBA-79C1DE101609}.Release|Any CPU.ActiveCfg = Release|Any CPU
		{4F781829-9024-48FF-9CBA-79C1DE101609}.Release|Any CPU.Build.0 = Release|Any CPU
		{4F781829-9024-48FF-9CBA-79C1DE101609}.Release|Any CPU.Deploy.0 = Release|Any CPU
		{4F781829-9024-48FF-9CBA-79C1DE101609}.Release|iPhone.ActiveCfg = Release|Any CPU
		{4F781829-9024-48FF-9CBA-79C1DE101609}.Release|iPhone.Build.0 = Release|Any CPU
		{4F781829-9024-48FF-9CBA-79C1DE101609}.Release|iPhone.Deploy.0 = Release|Any CPU
		{4F781829-9024-48FF-9CBA-79C1DE101609}.Release|iPhoneSimulator.ActiveCfg = Release|Any CPU
		{4F781829-9024-48FF-9CBA-79C1DE101609}.Release|iPhoneSimulator.Build.0 = Release|Any CPU
		{4F781829-9024-48FF-9CBA-79C1DE101609}.Release|iPhoneSimulator.Deploy.0 = Release|Any CPU
		{6E54CA65-E689-4BCC-9E53-FE95D1C6C833}.Debug|Any CPU.ActiveCfg = Debug|iPhone
		{6E54CA65-E689-4BCC-9E53-FE95D1C6C833}.Debug|Any CPU.Build.0 = Debug|iPhone
		{6E54CA65-E689-4BCC-9E53-FE95D1C6C833}.Debug|Any CPU.Deploy.0 = Debug|iPhone
		{6E54CA65-E689-4BCC-9E53-FE95D1C6C833}.Debug|iPhone.ActiveCfg = Debug|iPhone
		{6E54CA65-E689-4BCC-9E53-FE95D1C6C833}.Debug|iPhone.Build.0 = Debug|iPhone
		{6E54CA65-E689-4BCC-9E53-FE95D1C6C833}.Debug|iPhone.Deploy.0 = Debug|iPhone
		{6E54CA65-E689-4BCC-9E53-FE95D1C6C833}.Debug|iPhoneSimulator.ActiveCfg = Debug|iPhoneSimulator
		{6E54CA65-E689-4BCC-9E53-FE95D1C6C833}.Debug|iPhoneSimulator.Build.0 = Debug|iPhoneSimulator
		{6E54CA65-E689-4BCC-9E53-FE95D1C6C833}.Debug|iPhoneSimulator.Deploy.0 = Debug|iPhoneSimulator
		{6E54CA65-E689-4BCC-9E53-FE95D1C6C833}.Release|Any CPU.ActiveCfg = Release|iPhoneSimulator
		{6E54CA65-E689-4BCC-9E53-FE95D1C6C833}.Release|Any CPU.Build.0 = Release|iPhoneSimulator
		{6E54CA65-E689-4BCC-9E53-FE95D1C6C833}.Release|Any CPU.Deploy.0 = Release|iPhoneSimulator
		{6E54CA65-E689-4BCC-9E53-FE95D1C6C833}.Release|iPhone.ActiveCfg = Release|iPhone
		{6E54CA65-E689-4BCC-9E53-FE95D1C6C833}.Release|iPhone.Build.0 = Release|iPhone
		{6E54CA65-E689-4BCC-9E53-FE95D1C6C833}.Release|iPhone.Deploy.0 = Release|iPhone
		{6E54CA65-E689-4BCC-9E53-FE95D1C6C833}.Release|iPhoneSimulator.ActiveCfg = Release|iPhoneSimulator
		{6E54CA65-E689-4BCC-9E53-FE95D1C6C833}.Release|iPhoneSimulator.Build.0 = Release|iPhoneSimulator
		{6E54CA65-E689-4BCC-9E53-FE95D1C6C833}.Release|iPhoneSimulator.Deploy.0 = Release|iPhoneSimulator
		{97271ABE-1256-4461-A35E-57B8035960AE}.Debug|Any CPU.ActiveCfg = Debug|Any CPU
		{97271ABE-1256-4461-A35E-57B8035960AE}.Debug|Any CPU.Build.0 = Debug|Any CPU
		{97271ABE-1256-4461-A35E-57B8035960AE}.Debug|Any CPU.Deploy.0 = Debug|Any CPU
		{97271ABE-1256-4461-A35E-57B8035960AE}.Debug|iPhone.ActiveCfg = Debug|Any CPU
		{97271ABE-1256-4461-A35E-57B8035960AE}.Debug|iPhone.Build.0 = Debug|Any CPU
		{97271ABE-1256-4461-A35E-57B8035960AE}.Debug|iPhone.Deploy.0 = Debug|Any CPU
		{97271ABE-1256-4461-A35E-57B8035960AE}.Debug|iPhoneSimulator.ActiveCfg = Debug|Any CPU
		{97271ABE-1256-4461-A35E-57B8035960AE}.Debug|iPhoneSimulator.Build.0 = Debug|Any CPU
		{97271ABE-1256-4461-A35E-57B8035960AE}.Debug|iPhoneSimulator.Deploy.0 = Debug|Any CPU
		{97271ABE-1256-4461-A35E-57B8035960AE}.Release|Any CPU.ActiveCfg = Release|Any CPU
		{97271ABE-1256-4461-A35E-57B8035960AE}.Release|Any CPU.Build.0 = Release|Any CPU
		{97271ABE-1256-4461-A35E-57B8035960AE}.Release|Any CPU.Deploy.0 = Release|Any CPU
		{97271ABE-1256-4461-A35E-57B8035960AE}.Release|iPhone.ActiveCfg = Release|Any CPU
		{97271ABE-1256-4461-A35E-57B8035960AE}.Release|iPhone.Build.0 = Release|Any CPU
		{97271ABE-1256-4461-A35E-57B8035960AE}.Release|iPhone.Deploy.0 = Release|Any CPU
		{97271ABE-1256-4461-A35E-57B8035960AE}.Release|iPhoneSimulator.ActiveCfg = Release|Any CPU
		{97271ABE-1256-4461-A35E-57B8035960AE}.Release|iPhoneSimulator.Build.0 = Release|Any CPU
		{97271ABE-1256-4461-A35E-57B8035960AE}.Release|iPhoneSimulator.Deploy.0 = Release|Any CPU
	EndGlobalSection
	GlobalSection(SolutionProperties) = preSolution
		HideSolutionNode = FALSE
	EndGlobalSection
	GlobalSection(ExtensibilityGlobals) = postSolution
		SolutionGuid = {2E806BB3-9413-404D-8413-B8AE3F892464}
	EndGlobalSection
EndGlobal
